
Microsoft Visual Studio Solution File, Format Version 12.00
# Visual Studio 15
VisualStudioVersion = 15.0.27130.2026
MinimumVisualStudioVersion = 10.0.40219.1
Project("{9A19103F-16F7-4668-BE54-9A1E7A4F7556}") = "HitomiSharp", "HitomiSharp\HitomiSharp.csproj", "{1A9BA4B5-2EC4-4691-9282-7E0D53748532}"
EndProject
Project("{FAE04EC0-301F-11D3-BF4B-00C04F79EFBC}") = "HitomiSharp.Tests", "HitomiSharp.Tests\HitomiSharp.Tests.csproj", "{99308564-6A4B-4307-BCC6-BF142EE92833}"
EndProject
Project("{FAE04EC0-301F-11D3-BF4B-00C04F79EFBC}") = "HitomiCrawler", "HitomiCrawler\HitomiCrawler.csproj", "{34C87CA1-D001-490A-885F-C3D5C8DDB100}"
EndProject
Global
	GlobalSection(SolutionConfigurationPlatforms) = preSolution
		Debug|Any CPU = Debug|Any CPU
		Release|Any CPU = Release|Any CPU
	EndGlobalSection
	GlobalSection(ProjectConfigurationPlatforms) = postSolution
		{1A9BA4B5-2EC4-4691-9282-7E0D53748532}.Debug|Any CPU.ActiveCfg = Debug|Any CPU
		{1A9BA4B5-2EC4-4691-9282-7E0D53748532}.Debug|Any CPU.Build.0 = Debug|Any CPU
		{1A9BA4B5-2EC4-4691-9282-7E0D53748532}.Release|Any CPU.ActiveCfg = Release|Any CPU
		{1A9BA4B5-2EC4-4691-9282-7E0D53748532}.Release|Any CPU.Build.0 = Release|Any CPU
		{99308564-6A4B-4307-BCC6-BF142EE92833}.Debug|Any CPU.ActiveCfg = Debug|Any CPU
		{99308564-6A4B-4307-BCC6-BF142EE92833}.Debug|Any CPU.Build.0 = Debug|Any CPU
		{99308564-6A4B-4307-BCC6-BF142EE92833}.Release|Any CPU.ActiveCfg = Release|Any CPU
		{99308564-6A4B-4307-BCC6-BF142EE92833}.Release|Any CPU.Build.0 = Release|Any CPU
		{34C87CA1-D001-490A-885F-C3D5C8DDB100}.Debug|Any CPU.ActiveCfg = Debug|Any CPU
		{34C87CA1-D001-490A-885F-C3D5C8DDB100}.Debug|Any CPU.Build.0 = Debug|Any CPU
		{34C87CA1-D001-490A-885F-C3D5C8DDB100}.Release|Any CPU.ActiveCfg = Release|Any CPU
		{34C87CA1-D001-490A-885F-C3D5C8DDB100}.Release|Any CPU.Build.0 = Release|Any CPU
	EndGlobalSection
	GlobalSection(SolutionProperties) = preSolution
		HideSolutionNode = FALSE
	EndGlobalSection
	GlobalSection(ExtensibilityGlobals) = postSolution
		SolutionGuid = {4C69EEEB-CA8C-4344-B2CF-F64F86AD168C}
	EndGlobalSection
EndGlobal
